
Microsoft Visual Studio Solution File, Format Version 12.00
# Visual Studio Version 17
VisualStudioVersion = 17.13.35919.96 d17.13
MinimumVisualStudioVersion = 10.0.40219.1
Project("{FAE04EC0-301F-11D3-BF4B-00C04F79EFBC}") = "ProductsApp", "ProductsApp\ProductsApp.csproj", "{38C839F7-8B92-4EB8-B6F7-071AA55584EB}"
EndProject
Project("{FAE04EC0-301F-11D3-BF4B-00C04F79EFBC}") = "ProductsApp.Tests", "ProductsApp.Tests\ProductsApp.Tests.csproj", "{C94C554D-138E-4139-9304-C032B2DBC2E7}"
EndProject
Global
	GlobalSection(SolutionConfigurationPlatforms) = preSolution
		Debug|Any CPU = Debug|Any CPU
		Release|Any CPU = Release|Any CPU
	EndGlobalSection
	GlobalSection(ProjectConfigurationPlatforms) = postSolution
		{38C839F7-8B92-4EB8-B6F7-071AA55584EB}.Debug|Any CPU.ActiveCfg = Debug|Any CPU
		{38C839F7-8B92-4EB8-B6F7-071AA55584EB}.Debug|Any CPU.Build.0 = Debug|Any CPU
		{38C839F7-8B92-4EB8-B6F7-071AA55584EB}.Release|Any CPU.ActiveCfg = Release|Any CPU
		{38C839F7-8B92-4EB8-B6F7-071AA55584EB}.Release|Any CPU.Build.0 = Release|Any CPU
		{C94C554D-138E-4139-9304-C032B2DBC2E7}.Debug|Any CPU.ActiveCfg = Debug|Any CPU
		{C94C554D-138E-4139-9304-C032B2DBC2E7}.Debug|Any CPU.Build.0 = Debug|Any CPU
		{C94C554D-138E-4139-9304-C032B2DBC2E7}.Release|Any CPU.ActiveCfg = Release|Any CPU
		{C94C554D-138E-4139-9304-C032B2DBC2E7}.Release|Any CPU.Build.0 = Release|Any CPU
	EndGlobalSection
	GlobalSection(SolutionProperties) = preSolution
		HideSolutionNode = FALSE
	EndGlobalSection
	GlobalSection(ExtensibilityGlobals) = postSolution
		SolutionGuid = {ACD48548-2E1C-4784-9A63-5F612DFCA1FF}
	EndGlobalSection
EndGlobal
